// !$*UTF8*$!
{
	archiveVersion = 1;
	classes = {
	};
	objectVersion = 56;
	objects = {

/* Begin PBXBuildFile section */
		A10001 /* OptionsMonitorApp.swift in Sources */ = {isa = PBXBuildFile; fileRef = B10001; };
		A10002 /* ContentView.swift in Sources */ = {isa = PBXBuildFile; fileRef = B10002; };
		A10003 /* Assets.xcassets in Resources */ = {isa = PBXBuildFile; fileRef = B10003; };
		A10010 /* OptionContract.swift in Sources */ = {isa = PBXBuildFile; fileRef = B10010; };
		A10011 /* OptionsChain.swift in Sources */ = {isa = PBXBuildFile; fileRef = B10011; };
		A10012 /* StockQuote.swift in Sources */ = {isa = PBXBuildFile; fileRef = B10012; };
		A10013 /* Alert.swift in Sources */ = {isa = PBXBuildFile; fileRef = B10013; };
		A10014 /* UnusualActivity.swift in Sources */ = {isa = PBXBuildFile; fileRef = B10014; };
		A10020 /* YahooFinanceService.swift in Sources */ = {isa = PBXBuildFile; fileRef = B10020; };
		A10021 /* BlackScholesService.swift in Sources */ = {isa = PBXBuildFile; fileRef = B10021; };
		A10022 /* AlertService.swift in Sources */ = {isa = PBXBuildFile; fileRef = B10022; };
		A10023 /* UnusualActivityService.swift in Sources */ = {isa = PBXBuildFile; fileRef = B10023; };
		A10030 /* PersistenceManager.swift in Sources */ = {isa = PBXBuildFile; fileRef = B10030; };
		A10040 /* WatchlistViewModel.swift in Sources */ = {isa = PBXBuildFile; fileRef = B10040; };
		A10041 /* OptionsChainViewModel.swift in Sources */ = {isa = PBXBuildFile; fileRef = B10041; };
		A10042 /* AlertsViewModel.swift in Sources */ = {isa = PBXBuildFile; fileRef = B10042; };
		A10043 /* ScannerViewModel.swift in Sources */ = {isa = PBXBuildFile; fileRef = B10043; };
		A10050 /* WatchlistView.swift in Sources */ = {isa = PBXBuildFile; fileRef = B10050; };
		A10051 /* AddTickerView.swift in Sources */ = {isa = PBXBuildFile; fileRef = B10051; };
		A10052 /* OptionsChainView.swift in Sources */ = {isa = PBXBuildFile; fileRef = B10052; };
		A10053 /* OptionDetailView.swift in Sources */ = {isa = PBXBuildFile; fileRef = B10053; };
		A10054 /* ExpirationPickerView.swift in Sources */ = {isa = PBXBuildFile; fileRef = B10054; };
		A10055 /* AlertsListView.swift in Sources */ = {isa = PBXBuildFile; fileRef = B10055; };
		A10056 /* CreateAlertView.swift in Sources */ = {isa = PBXBuildFile; fileRef = B10056; };
		A10057 /* ScannerView.swift in Sources */ = {isa = PBXBuildFile; fileRef = B10057; };
		A10058 /* OptionRowView.swift in Sources */ = {isa = PBXBuildFile; fileRef = B10058; };
		A10059 /* GreeksDisplayView.swift in Sources */ = {isa = PBXBuildFile; fileRef = B10059; };
/* End PBXBuildFile section */

/* Begin PBXFileReference section */
		C10001 /* OptionsMonitor.app */ = {isa = PBXFileReference; explicitFileType = wrapper.application; includeInIndex = 0; path = OptionsMonitor.app; sourceTree = BUILT_PRODUCTS_DIR; };
		B10001 /* OptionsMonitorApp.swift */ = {isa = PBXFileReference; lastKnownFileType = sourcecode.swift; path = OptionsMonitorApp.swift; sourceTree = "<group>"; };
		B10002 /* ContentView.swift */ = {isa = PBXFileReference; lastKnownFileType = sourcecode.swift; path = ContentView.swift; sourceTree = "<group>"; };
		B10003 /* Assets.xcassets */ = {isa = PBXFileReference; lastKnownFileType = folder.assetcatalog; path = Assets.xcassets; sourceTree = "<group>"; };
		B10010 /* OptionContract.swift */ = {isa = PBXFileReference; lastKnownFileType = sourcecode.swift; path = OptionContract.swift; sourceTree = "<group>"; };
		B10011 /* OptionsChain.swift */ = {isa = PBXFileReference; lastKnownFileType = sourcecode.swift; path = OptionsChain.swift; sourceTree = "<group>"; };
		B10012 /* StockQuote.swift */ = {isa = PBXFileReference; lastKnownFileType = sourcecode.swift; path = StockQuote.swift; sourceTree = "<group>"; };
		B10013 /* Alert.swift */ = {isa = PBXFileReference; lastKnownFileType = sourcecode.swift; path = Alert.swift; sourceTree = "<group>"; };
		B10014 /* UnusualActivity.swift */ = {isa = PBXFileReference; lastKnownFileType = sourcecode.swift; path = UnusualActivity.swift; sourceTree = "<group>"; };
		B10020 /* YahooFinanceService.swift */ = {isa = PBXFileReference; lastKnownFileType = sourcecode.swift; path = YahooFinanceService.swift; sourceTree = "<group>"; };
		B10021 /* BlackScholesService.swift */ = {isa = PBXFileReference; lastKnownFileType = sourcecode.swift; path = BlackScholesService.swift; sourceTree = "<group>"; };
		B10022 /* AlertService.swift */ = {isa = PBXFileReference; lastKnownFileType = sourcecode.swift; path = AlertService.swift; sourceTree = "<group>"; };
		B10023 /* UnusualActivityService.swift */ = {isa = PBXFileReference; lastKnownFileType = sourcecode.swift; path = UnusualActivityService.swift; sourceTree = "<group>"; };
		B10030 /* PersistenceManager.swift */ = {isa = PBXFileReference; lastKnownFileType = sourcecode.swift; path = PersistenceManager.swift; sourceTree = "<group>"; };
		B10040 /* WatchlistViewModel.swift */ = {isa = PBXFileReference; lastKnownFileType = sourcecode.swift; path = WatchlistViewModel.swift; sourceTree = "<group>"; };
		B10041 /* OptionsChainViewModel.swift */ = {isa = PBXFileReference; lastKnownFileType = sourcecode.swift; path = OptionsChainViewModel.swift; sourceTree = "<group>"; };
		B10042 /* AlertsViewModel.swift */ = {isa = PBXFileReference; lastKnownFileType = sourcecode.swift; path = AlertsViewModel.swift; sourceTree = "<group>"; };
		B10043 /* ScannerViewModel.swift */ = {isa = PBXFileReference; lastKnownFileType = sourcecode.swift; path = ScannerViewModel.swift; sourceTree = "<group>"; };
		B10050 /* WatchlistView.swift */ = {isa = PBXFileReference; lastKnownFileType = sourcecode.swift; path = WatchlistView.swift; sourceTree = "<group>"; };
		B10051 /* AddTickerView.swift */ = {isa = PBXFileReference; lastKnownFileType = sourcecode.swift; path = AddTickerView.swift; sourceTree = "<group>"; };
		B10052 /* OptionsChainView.swift */ = {isa = PBXFileReference; lastKnownFileType = sourcecode.swift; path = OptionsChainView.swift; sourceTree = "<group>"; };
		B10053 /* OptionDetailView.swift */ = {isa = PBXFileReference; lastKnownFileType = sourcecode.swift; path = OptionDetailView.swift; sourceTree = "<group>"; };
		B10054 /* ExpirationPickerView.swift */ = {isa = PBXFileReference; lastKnownFileType = sourcecode.swift; path = ExpirationPickerView.swift; sourceTree = "<group>"; };
		B10055 /* AlertsListView.swift */ = {isa = PBXFileReference; lastKnownFileType = sourcecode.swift; path = AlertsListView.swift; sourceTree = "<group>"; };
		B10056 /* CreateAlertView.swift */ = {isa = PBXFileReference; lastKnownFileType = sourcecode.swift; path = CreateAlertView.swift; sourceTree = "<group>"; };
		B10057 /* ScannerView.swift */ = {isa = PBXFileReference; lastKnownFileType = sourcecode.swift; path = ScannerView.swift; sourceTree = "<group>"; };
		B10058 /* OptionRowView.swift */ = {isa = PBXFileReference; lastKnownFileType = sourcecode.swift; path = OptionRowView.swift; sourceTree = "<group>"; };
		B10059 /* GreeksDisplayView.swift */ = {isa = PBXFileReference; lastKnownFileType = sourcecode.swift; path = GreeksDisplayView.swift; sourceTree = "<group>"; };
/* End PBXFileReference section */

/* Begin PBXFrameworksBuildPhase section */
		D10001 /* Frameworks */ = {
			isa = PBXFrameworksBuildPhase;
			buildActionMask = 2147483647;
			files = (
			);
			runOnlyForDeploymentPostprocessing = 0;
		};
/* End PBXFrameworksBuildPhase section */

/* Begin PBXGroup section */
		E10000 = {
			isa = PBXGroup;
			children = (
				E10001 /* OptionsMonitor */,
				E10099 /* Products */,
			);
			sourceTree = "<group>";
		};
		E10099 /* Products */ = {
			isa = PBXGroup;
			children = (
				C10001 /* OptionsMonitor.app */,
			);
			name = Products;
			sourceTree = "<group>";
		};
		E10001 /* OptionsMonitor */ = {
			isa = PBXGroup;
			children = (
				B10001 /* OptionsMonitorApp.swift */,
				B10002 /* ContentView.swift */,
				E10010 /* Models */,
				E10020 /* Services */,
				E10030 /* Persistence */,
				E10040 /* ViewModels */,
				E10050 /* Views */,
				B10003 /* Assets.xcassets */,
			);
			path = OptionsMonitor;
			sourceTree = "<group>";
		};
		E10010 /* Models */ = {
			isa = PBXGroup;
			children = (
				B10010 /* OptionContract.swift */,
				B10011 /* OptionsChain.swift */,
				B10012 /* StockQuote.swift */,
				B10013 /* Alert.swift */,
				B10014 /* UnusualActivity.swift */,
			);
			path = Models;
			sourceTree = "<group>";
		};
		E10020 /* Services */ = {
			isa = PBXGroup;
			children = (
				B10020 /* YahooFinanceService.swift */,
				B10021 /* BlackScholesService.swift */,
				B10022 /* AlertService.swift */,
				B10023 /* UnusualActivityService.swift */,
			);
			path = Services;
			sourceTree = "<group>";
		};
		E10030 /* Persistence */ = {
			isa = PBXGroup;
			children = (
				B10030 /* PersistenceManager.swift */,
			);
			path = Persistence;
			sourceTree = "<group>";
		};
		E10040 /* ViewModels */ = {
			isa = PBXGroup;
			children = (
				B10040 /* WatchlistViewModel.swift */,
				B10041 /* OptionsChainViewModel.swift */,
				B10042 /* AlertsViewModel.swift */,
				B10043 /* ScannerViewModel.swift */,
			);
			path = ViewModels;
			sourceTree = "<group>";
		};
		E10050 /* Views */ = {
			isa = PBXGroup;
			children = (
				E10051 /* Watchlist */,
				E10052 /* OptionsChain */,
				E10053 /* Alerts */,
				E10054 /* Scanner */,
				E10055 /* Components */,
			);
			path = Views;
			sourceTree = "<group>";
		};
		E10051 /* Watchlist */ = {
			isa = PBXGroup;
			children = (
				B10050 /* WatchlistView.swift */,
				B10051 /* AddTickerView.swift */,
			);
			path = Watchlist;
			sourceTree = "<group>";
		};
		E10052 /* OptionsChain */ = {
			isa = PBXGroup;
			children = (
				B10052 /* OptionsChainView.swift */,
				B10053 /* OptionDetailView.swift */,
				B10054 /* ExpirationPickerView.swift */,
			);
			path = OptionsChain;
			sourceTree = "<group>";
		};
		E10053 /* Alerts */ = {
			isa = PBXGroup;
			children = (
				B10055 /* AlertsListView.swift */,
				B10056 /* CreateAlertView.swift */,
			);
			path = Alerts;
			sourceTree = "<group>";
		};
		E10054 /* Scanner */ = {
			isa = PBXGroup;
			children = (
				B10057 /* ScannerView.swift */,
			);
			path = Scanner;
			sourceTree = "<group>";
		};
		E10055 /* Components */ = {
			isa = PBXGroup;
			children = (
				B10058 /* OptionRowView.swift */,
				B10059 /* GreeksDisplayView.swift */,
			);
			path = Components;
			sourceTree = "<group>";
		};
/* End PBXGroup section */

/* Begin PBXNativeTarget section */
		F10001 /* OptionsMonitor */ = {
			isa = PBXNativeTarget;
			buildConfigurationList = G10003 /* Build configuration list for PBXNativeTarget "OptionsMonitor" */;
			buildPhases = (
				F10002 /* Sources */,
				D10001 /* Frameworks */,
				F10003 /* Resources */,
			);
			buildRules = (
			);
			dependencies = (
			);
			name = OptionsMonitor;
			productName = OptionsMonitor;
			productReference = C10001 /* OptionsMonitor.app */;
			productType = "com.apple.product-type.application";
		};
/* End PBXNativeTarget section */

/* Begin PBXProject section */
		H10001 /* Project object */ = {
			isa = PBXProject;
			attributes = {
				BuildIndependentTargetsInParallel = 1;
				LastSwiftUpdateCheck = 1500;
				LastUpgradeCheck = 1500;
				TargetAttributes = {
					F10001 = {
						CreatedOnToolsVersion = 15.0;
					};
				};
			};
			buildConfigurationList = G10001 /* Build configuration list for PBXProject "OptionsMonitor" */;
			compatibilityVersion = "Xcode 14.0";
			developmentRegion = en;
			hasScannedForEncodings = 0;
			knownRegions = (
				en,
				Base,
			);
			mainGroup = E10000;
			productRefGroup = E10099 /* Products */;
			projectDirPath = "";
			projectRoot = "";
			targets = (
				F10001 /* OptionsMonitor */,
			);
		};
/* End PBXProject section */

/* Begin PBXResourcesBuildPhase section */
		F10003 /* Resources */ = {
			isa = PBXResourcesBuildPhase;
			buildActionMask = 2147483647;
			files = (
				A10003 /* Assets.xcassets in Resources */,
			);
			runOnlyForDeploymentPostprocessing = 0;
		};
/* End PBXResourcesBuildPhase section */

/* Begin PBXSourcesBuildPhase section */
		F10002 /* Sources */ = {
			isa = PBXSourcesBuildPhase;
			buildActionMask = 2147483647;
			files = (
				A10001 /* OptionsMonitorApp.swift in Sources */,
				A10002 /* ContentView.swift in Sources */,
				A10010 /* OptionContract.swift in Sources */,
				A10011 /* OptionsChain.swift in Sources */,
				A10012 /* StockQuote.swift in Sources */,
				A10013 /* Alert.swift in Sources */,
				A10014 /* UnusualActivity.swift in Sources */,
				A10020 /* YahooFinanceService.swift in Sources */,
				A10021 /* BlackScholesService.swift in Sources */,
				A10022 /* AlertService.swift in Sources */,
				A10023 /* UnusualActivityService.swift in Sources */,
				A10030 /* PersistenceManager.swift in Sources */,
				A10040 /* WatchlistViewModel.swift in Sources */,
				A10041 /* OptionsChainViewModel.swift in Sources */,
				A10042 /* AlertsViewModel.swift in Sources */,
				A10043 /* ScannerViewModel.swift in Sources */,
				A10050 /* WatchlistView.swift in Sources */,
				A10051 /* AddTickerView.swift in Sources */,
				A10052 /* OptionsChainView.swift in Sources */,
				A10053 /* OptionDetailView.swift in Sources */,
				A10054 /* ExpirationPickerView.swift in Sources */,
				A10055 /* AlertsListView.swift in Sources */,
				A10056 /* CreateAlertView.swift in Sources */,
				A10057 /* ScannerView.swift in Sources */,
				A10058 /* OptionRowView.swift in Sources */,
				A10059 /* GreeksDisplayView.swift in Sources */,
			);
			runOnlyForDeploymentPostprocessing = 0;
		};
/* End PBXSourcesBuildPhase section */

/* Begin XCBuildConfiguration section */
		G10010 /* Debug */ = {
			isa = XCBuildConfiguration;
			buildSettings = {
				ALWAYS_SEARCH_USER_PATHS = NO;
				ASSETCATALOG_COMPILER_GENERATE_SWIFT_ASSET_SYMBOL_EXTENSIONS = YES;
				CLANG_ANALYZER_NONNULL = YES;
				CLANG_ANALYZER_NUMBER_OBJECT_CONVERSION = YES_AGGRESSIVE;
				CLANG_CXX_LANGUAGE_STANDARD = "gnu++20";
				CLANG_ENABLE_MODULES = YES;
				CLANG_ENABLE_OBJC_ARC = YES;
				CLANG_ENABLE_OBJC_WEAK = YES;
				CLANG_WARN_BLOCK_CAPTURE_AUTORELEASING = YES;
				CLANG_WARN_BOOL_CONVERSION = YES;
				CLANG_WARN_COMMA = YES;
				CLANG_WARN_CONSTANT_CONVERSION = YES;
				CLANG_WARN_DEPRECATED_OBJC_IMPLEMENTATIONS = YES;
				CLANG_WARN_DIRECT_OBJC_ISA_USAGE = YES_ERROR;
				CLANG_WARN_DOCUMENTATION_COMMENTS = YES;
				CLANG_WARN_EMPTY_BODY = YES;
				CLANG_WARN_ENUM_CONVERSION = YES;
				CLANG_WARN_INFINITE_RECURSION = YES;
				CLANG_WARN_INT_CONVERSION = YES;
				CLANG_WARN_NON_LITERAL_NULL_CONVERSION = YES;
				CLANG_WARN_OBJC_IMPLICIT_RETAIN_SELF = YES;
				CLANG_WARN_OBJC_LITERAL_CONVERSION = YES;
				CLANG_WARN_OBJC_ROOT_CLASS = YES_ERROR;
				CLANG_WARN_QUOTED_INCLUDE_IN_FRAMEWORK_HEADER = YES;
				CLANG_WARN_RANGE_LOOP_ANALYSIS = YES;
				CLANG_WARN_STRICT_PROTOTYPES = YES;
				CLANG_WARN_SUSPICIOUS_MOVE = YES;
				CLANG_WARN_UNGUARDED_AVAILABILITY = YES_AGGRESSIVE;
				CLANG_WARN_UNREACHABLE_CODE = YES;
				CLANG_WARN__DUPLICATE_METHOD_MATCH = YES;
				COPY_PHASE_STRIP = NO;
				DEBUG_INFORMATION_FORMAT = dwarf;
				ENABLE_STRICT_OBJC_MSGSEND = YES;
				ENABLE_TESTABILITY = YES;
				ENABLE_USER_SCRIPT_SANDBOXING = YES;
				GCC_C_LANGUAGE_STANDARD = gnu17;
				GCC_DYNAMIC_NO_PIC = NO;
				GCC_NO_COMMON_BLOCKS = YES;
				GCC_OPTIMIZATION_LEVEL = 0;
				GCC_PREPROCESSOR_DEFINITIONS = (
					"DEBUG=1",
					"$(inherited)",
				);
				GCC_WARN_64_TO_32_BIT_CONVERSION = YES;
				GCC_WARN_ABOUT_RETURN_TYPE = YES_ERROR;
				GCC_WARN_UNDECLARED_SELECTOR = YES;
				GCC_WARN_UNINITIALIZED_AUTOS = YES_AGGRESSIVE;
				GCC_WARN_UNUSED_FUNCTION = YES;
				GCC_WARN_UNUSED_VARIABLE = YES;
				IPHONEOS_DEPLOYMENT_TARGET = 17.0;
				MTL_ENABLE_DEBUG_INFO = INCLUDE_SOURCE;
				MTL_FAST_MATH = YES;
				ONLY_ACTIVE_ARCH = YES;
				SDKROOT = iphoneos;
				SWIFT_ACTIVE_COMPILATION_CONDITIONS = "DEBUG $(inherited)";
				SWIFT_OPTIMIZATION_LEVEL = "-Onone";
			};
			name = Debug;
		};
		G10011 /* Release */ = {
			isa = XCBuildConfiguration;
			buildSettings = {
				ALWAYS_SEARCH_USER_PATHS = NO;
				ASSETCATALOG_COMPILER_GENERATE_SWIFT_ASSET_SYMBOL_EXTENSIONS = YES;
				CLANG_ANALYZER_NONNULL = YES;
				CLANG_ANALYZER_NUMBER_OBJECT_CONVERSION = YES_AGGRESSIVE;
				CLANG_CXX_LANGUAGE_STANDARD = "gnu++20";
				CLANG_ENABLE_MODULES = YES;
				CLANG_ENABLE_OBJC_ARC = YES;
				CLANG_ENABLE_OBJC_WEAK = YES;
				CLANG_WARN_BLOCK_CAPTURE_AUTORELEASING = YES;
				CLANG_WARN_BOOL_CONVERSION = YES;
				CLANG_WARN_COMMA = YES;
				CLANG_WARN_CONSTANT_CONVERSION = YES;
				CLANG_WARN_DEPRECATED_OBJC_IMPLEMENTATIONS = YES;
				CLANG_WARN_DIRECT_OBJC_ISA_USAGE = YES_ERROR;
				CLANG_WARN_DOCUMENTATION_COMMENTS = YES;
				CLANG_WARN_EMPTY_BODY = YES;
				CLANG_WARN_ENUM_CONVERSION = YES;
				CLANG_WARN_INFINITE_RECURSION = YES;
				CLANG_WARN_INT_CONVERSION = YES;
				CLANG_WARN_NON_LITERAL_NULL_CONVERSION = YES;
				CLANG_WARN_OBJC_IMPLICIT_RETAIN_SELF = YES;
				CLANG_WARN_OBJC_LITERAL_CONVERSION = YES;
				CLANG_WARN_OBJC_ROOT_CLASS = YES_ERROR;
				CLANG_WARN_QUOTED_INCLUDE_IN_FRAMEWORK_HEADER = YES;
				CLANG_WARN_RANGE_LOOP_ANALYSIS = YES;
				CLANG_WARN_STRICT_PROTOTYPES = YES;
				CLANG_WARN_SUSPICIOUS_MOVE = YES;
				CLANG_WARN_UNGUARDED_AVAILABILITY = YES_AGGRESSIVE;
				CLANG_WARN_UNREACHABLE_CODE = YES;
				CLANG_WARN__DUPLICATE_METHOD_MATCH = YES;
				COPY_PHASE_STRIP = NO;
				DEBUG_INFORMATION_FORMAT = "dwarf-with-dsym";
				ENABLE_NS_ASSERTIONS = NO;
				ENABLE_STRICT_OBJC_MSGSEND = YES;
				ENABLE_USER_SCRIPT_SANDBOXING = YES;
				GCC_C_LANGUAGE_STANDARD = gnu17;
				GCC_NO_COMMON_BLOCKS = YES;
				GCC_WARN_64_TO_32_BIT_CONVERSION = YES;
				GCC_WARN_ABOUT_RETURN_TYPE = YES_ERROR;
				GCC_WARN_UNDECLARED_SELECTOR = YES;
				GCC_WARN_UNINITIALIZED_AUTOS = YES_AGGRESSIVE;
				GCC_WARN_UNUSED_FUNCTION = YES;
				GCC_WARN_UNUSED_VARIABLE = YES;
				IPHONEOS_DEPLOYMENT_TARGET = 17.0;
				MTL_ENABLE_DEBUG_INFO = NO;
				MTL_FAST_MATH = YES;
				SDKROOT = iphoneos;
				SWIFT_COMPILATION_MODE = wholemodule;
				VALIDATE_PRODUCT = YES;
			};
			name = Release;
		};
		G10020 /* Debug */ = {
			isa = XCBuildConfiguration;
			buildSettings = {
				ASSETCATALOG_COMPILER_APPICON_NAME = AppIcon;
				ASSETCATALOG_COMPILER_GLOBAL_ACCENT_COLOR_NAME = AccentColor;
				CODE_SIGN_STYLE = Automatic;
				CURRENT_PROJECT_VERSION = 1;
				DEVELOPMENT_TEAM = "";
				ENABLE_PREVIEWS = YES;
				GENERATE_INFOPLIST_FILE = YES;
				INFOPLIST_KEY_CFBundleDisplayName = "Options Monitor";
				INFOPLIST_KEY_UIApplicationSceneManifest_Generation = YES;
				INFOPLIST_KEY_UIApplicationSupportsIndirectInputEvents = YES;
				INFOPLIST_KEY_UILaunchScreen_Generation = YES;
				INFOPLIST_KEY_UISupportedInterfaceOrientations_iPhone = "UIInterfaceOrientationPortrait UIInterfaceOrientationLandscapeLeft UIInterfaceOrientationLandscapeRight";
				LD_RUNPATH_SEARCH_PATHS = (
					"$(inherited)",
					"@executable_path/Frameworks",
				);
				MARKETING_VERSION = 1.0;
				PRODUCT_BUNDLE_IDENTIFIER = com.optionsmonitor.app;
				PRODUCT_NAME = "$(TARGET_NAME)";
				SUPPORTED_PLATFORMS = "iphoneos iphonesimulator";
				SUPPORTS_MACCATALYST = NO;
				SWIFT_EMIT_LOC_STRINGS = YES;
				SWIFT_VERSION = 5.9;
				TARGETED_DEVICE_FAMILY = 1;
			};
			name = Debug;
		};
		G10021 /* Release */ = {
			isa = XCBuildConfiguration;
			buildSettings = {
				ASSETCATALOG_COMPILER_APPICON_NAME = AppIcon;
				ASSETCATALOG_COMPILER_GLOBAL_ACCENT_COLOR_NAME = AccentColor;
				CODE_SIGN_STYLE = Automatic;
				CURRENT_PROJECT_VERSION = 1;
				DEVELOPMENT_TEAM = "";
				ENABLE_PREVIEWS = YES;
				GENERATE_INFOPLIST_FILE = YES;
				INFOPLIST_KEY_CFBundleDisplayName = "Options Monitor";
				INFOPLIST_KEY_UIApplicationSceneManifest_Generation = YES;
				INFOPLIST_KEY_UIApplicationSupportsIndirectInputEvents = YES;
				INFOPLIST_KEY_UILaunchScreen_Generation = YES;
				INFOPLIST_KEY_UISupportedInterfaceOrientations_iPhone = "UIInterfaceOrientationPortrait UIInterfaceOrientationLandscapeLeft UIInterfaceOrientationLandscapeRight";
				LD_RUNPATH_SEARCH_PATHS = (
					"$(inherited)",
					"@executable_path/Frameworks",
				);
				MARKETING_VERSION = 1.0;
				PRODUCT_BUNDLE_IDENTIFIER = com.optionsmonitor.app;
				PRODUCT_NAME = "$(TARGET_NAME)";
				SUPPORTED_PLATFORMS = "iphoneos iphonesimulator";
				SUPPORTS_MACCATALYST = NO;
				SWIFT_EMIT_LOC_STRINGS = YES;
				SWIFT_VERSION = 5.9;
				TARGETED_DEVICE_FAMILY = 1;
			};
			name = Release;
		};
/* End XCBuildConfiguration section */

/* Begin XCConfigurationList section */
		G10001 /* Build configuration list for PBXProject "OptionsMonitor" */ = {
			isa = XCConfigurationList;
			buildConfigurations = (
				G10010 /* Debug */,
				G10011 /* Release */,
			);
			defaultConfigurationIsVisible = 0;
			defaultConfigurationName = Release;
		};
		G10003 /* Build configuration list for PBXNativeTarget "OptionsMonitor" */ = {
			isa = XCConfigurationList;
			buildConfigurations = (
				G10020 /* Debug */,
				G10021 /* Release */,
			);
			defaultConfigurationIsVisible = 0;
			defaultConfigurationName = Release;
		};
/* End XCConfigurationList section */
	};
	rootObject = H10001 /* Project object */;
}
